{
  "name": "pi-extensions",
  "lockfileVersion": 3,
  "requires": true,
  "packages": {
    "": {
      "name": "pi-extensions",
      "dependencies": {
        "@ff-labs/pi-fff": "0.11.0",
        "@gotgenes/pi-permission-system": "35.0.0",
        "@kiranpg/pi-sentry": "0.1.2",
        "@tintinweb/pi-subagents": "0.19.0",
        "donsetch": "4.3.6",
        "pi-open-tui": "0.3.9",
        "pi-usage-meters": "0.5.0"
      }
    },
    "node_modules/@ff-labs/fff-bin-android-arm64": {
      "version": "0.11.0",
      "resolved": "https://registry.npmjs.org/@ff-labs/fff-bin-android-arm64/-/fff-bin-android-arm64-0.11.0.tgz",
      "integrity": "sha512-7CmURAtJg1xCETKE8d46CUpeql9tpdsdbyoNCrNRkH+t608jMy+mLQxmyw7cBDOI0ljg5BaffxGZfOS2E6kasA==",
      "cpu": [
        "arm64"
      ],
      "optional": true,
      "os": [
        "android"
      ]
    },
    "node_modules/@ff-labs/fff-bin-darwin-arm64": {
      "version": "0.11.0",
      "resolved": "https://registry.npmjs.org/@ff-labs/fff-bin-darwin-arm64/-/fff-bin-darwin-arm64-0.11.0.tgz",
      "integrity": "sha512-C2VLBldxqNhTMtp1/NXULdEWpqfUKugP9E8BOMUDPw5qZH/YGC0tZQmeOlQUYOSScFQOiXZLJGXJMp3Uk+FGxg==",
      "cpu": [
        "arm64"
      ],
      "optional": true,
      "os": [
        "darwin"
      ]
    },
    "node_modules/@ff-labs/fff-bin-darwin-x64": {
      "version": "0.11.0",
      "resolved": "https://registry.npmjs.org/@ff-labs/fff-bin-darwin-x64/-/fff-bin-darwin-x64-0.11.0.tgz",
      "integrity": "sha512-DOnG46YoSOR8SxNVMMe+xhPS2JjFUigMS2r0M4oCGfHDaWVY2mnYK/g1YxrAeJS3cRGO5N8Aj4RP1zq5Z2f6jQ==",
      "cpu": [
        "x64"
      ],
      "optional": true,
      "os": [
        "darwin"
      ]
    },
    "node_modules/@ff-labs/fff-bin-linux-arm64-gnu": {
      "version": "0.11.0",
      "resolved": "https://registry.npmjs.org/@ff-labs/fff-bin-linux-arm64-gnu/-/fff-bin-linux-arm64-gnu-0.11.0.tgz",
      "integrity": "sha512-wOTyNzovqN1+Kg3kPqfKqZ2+A262Um4bHrEIeAwKU9R7YoyMXI9oo6DTbEl2ullF3G01FaBt/PPHOZYi1q8ubw==",
      "cpu": [
        "arm64"
      ],
      "optional": true,
      "os": [
        "linux"
      ]
    },
    "node_modules/@ff-labs/fff-bin-linux-arm64-musl": {
      "version": "0.11.0",
      "resolved": "https://registry.npmjs.org/@ff-labs/fff-bin-linux-arm64-musl/-/fff-bin-linux-arm64-musl-0.11.0.tgz",
      "integrity": "sha512-dtVOgT/mKN4VTqOh4i3AWjc3Kd9uDX9xz9YsiPs33lNXpEi/x68qynuaqb7JM7x/eD/nYrsJRsb5ivtH1D6nrQ==",
      "cpu": [
        "arm64"
      ],
      "optional": true,
      "os": [
        "linux"
      ]
    },
    "node_modules/@ff-labs/fff-bin-linux-x64-gnu": {
      "version": "0.11.0",
      "resolved": "https://registry.npmjs.org/@ff-labs/fff-bin-linux-x64-gnu/-/fff-bin-linux-x64-gnu-0.11.0.tgz",
      "integrity": "sha512-MJ1AJz9c5kxdTiIhmlEwA+hw57vBDoa+VQSr4F+1inaEiFDtem7EnXE1P8Bdhf4okGM557mCXgRrvCt4kM5pSg==",
      "cpu": [
        "x64"
      ],
      "optional": true,
      "os": [
        "linux"
      ]
    },
    "node_modules/@ff-labs/fff-bin-linux-x64-musl": {
      "version": "0.11.0",
      "resolved": "https://registry.npmjs.org/@ff-labs/fff-bin-linux-x64-musl/-/fff-bin-linux-x64-musl-0.11.0.tgz",
      "integrity": "sha512-UjqEBtZphjH6MTK18kTlA+5ccUAu3PBATerAKh9otEWbLCwqpFV0ke8LON2+UavaO5+VhBUCk7Zi97AOQhn/9Q==",
      "cpu": [
        "x64"
      ],
      "optional": true,
      "os": [
        "linux"
      ]
    },
    "node_modules/@ff-labs/fff-bin-win32-arm64": {
      "version": "0.11.0",
      "resolved": "https://registry.npmjs.org/@ff-labs/fff-bin-win32-arm64/-/fff-bin-win32-arm64-0.11.0.tgz",
      "integrity": "sha512-IF54PgYYi+AsCGseNG5kYpMqkwTmp/9bB8zvndp6tXZp4xLQ4G6x/NgHgM4vyK85Sv3FWr6Sf4OZQhP4mSSipA==",
      "cpu": [
        "arm64"
      ],
      "optional": true,
      "os": [
        "win32"
      ]
    },
    "node_modules/@ff-labs/fff-bin-win32-x64": {
      "version": "0.11.0",
      "resolved": "https://registry.npmjs.org/@ff-labs/fff-bin-win32-x64/-/fff-bin-win32-x64-0.11.0.tgz",
      "integrity": "sha512-NFnFcueeRZ+QHvBg/k3KhduH20zFRCGqPHqjslk/3H0CHOMyP5AMTbscNwn5TZUhMutIRCfFzVI7mm+oU8jvCQ==",
      "cpu": [
        "x64"
      ],
      "optional": true,
      "os": [
        "win32"
      ]
    },
    "node_modules/@ff-labs/fff-bun": {
      "version": "0.11.0",
      "resolved": "https://registry.npmjs.org/@ff-labs/fff-bun/-/fff-bun-0.11.0.tgz",
      "integrity": "sha512-IWN7pKGcYYX/g0KxZkPp2fuLrLydbKstnFswb1RfRxr0lXaw7WBchefMKUFvpfbxCWOAi3sUXHIlbfDA/Vpo4Q==",
      "cpu": [
        "x64",
        "arm64"
      ],
      "os": [
        "darwin",
        "linux",
        "win32",
        "android"
      ],
      "engines": {
        "bun": ">=1.0.0"
      },
      "optionalDependencies": {
        "@ff-labs/fff-bin-android-arm64": "0.11.0",
        "@ff-labs/fff-bin-darwin-arm64": "0.11.0",
        "@ff-labs/fff-bin-darwin-x64": "0.11.0",
        "@ff-labs/fff-bin-linux-arm64-gnu": "0.11.0",
        "@ff-labs/fff-bin-linux-arm64-musl": "0.11.0",
        "@ff-labs/fff-bin-linux-x64-gnu": "0.11.0",
        "@ff-labs/fff-bin-linux-x64-musl": "0.11.0",
        "@ff-labs/fff-bin-win32-arm64": "0.11.0",
        "@ff-labs/fff-bin-win32-x64": "0.11.0"
      }
    },
    "node_modules/@ff-labs/fff-node": {
      "version": "0.11.0",
      "resolved": "https://registry.npmjs.org/@ff-labs/fff-node/-/fff-node-0.11.0.tgz",
      "integrity": "sha512-/7fX4kgy28pFZghxuXCAcIPQKb2+VqVirpFcDqMKgrFLTz56tVzHjOkFSdKGq7fa6wRb6eS5Dg9SaX1qyCcKxQ==",
      "cpu": [
        "x64",
        "arm64"
      ],
      "os": [
        "darwin",
        "linux",
        "win32",
        "android"
      ],
      "dependencies": {
        "ffi-rs": "^1.0.0"
      },
      "engines": {
        "node": ">=18.0.0"
      },
      "optionalDependencies": {
        "@ff-labs/fff-bin-android-arm64": "0.11.0",
        "@ff-labs/fff-bin-darwin-arm64": "0.11.0",
        "@ff-labs/fff-bin-darwin-x64": "0.11.0",
        "@ff-labs/fff-bin-linux-arm64-gnu": "0.11.0",
        "@ff-labs/fff-bin-linux-arm64-musl": "0.11.0",
        "@ff-labs/fff-bin-linux-x64-gnu": "0.11.0",
        "@ff-labs/fff-bin-linux-x64-musl": "0.11.0",
        "@ff-labs/fff-bin-win32-arm64": "0.11.0",
        "@ff-labs/fff-bin-win32-x64": "0.11.0"
      }
    },
    "node_modules/@ff-labs/pi-fff": {
      "version": "0.11.0",
      "resolved": "https://registry.npmjs.org/@ff-labs/pi-fff/-/pi-fff-0.11.0.tgz",
      "integrity": "sha512-RNYBSnmRaGxYF9/R5KO4Uq0q1Prtbe6CmltK7i3efD0+JEwR2h69sL+p6UIXNDrVANSXEWM8ehagQefbskoGwg==",
      "dependencies": {
        "@ff-labs/fff-bun": "0.11.0",
        "@ff-labs/fff-node": "0.11.0"
      },
      "peerDependencies": {
        "@earendil-works/pi-coding-agent": "*",
        "@earendil-works/pi-tui": "*",
        "@sinclair/typebox": "*"
      }
    },
    "node_modules/@gotgenes/pi-permission-system": {
      "version": "35.0.0",
      "resolved": "https://registry.npmjs.org/@gotgenes/pi-permission-system/-/pi-permission-system-35.0.0.tgz",
      "integrity": "sha512-m5hdqpBOXnPFB71Dk4ZBjaka3O04kyhLjvspnzxpGneqjnSLG0po+z0Foe5hQu3H0jiLxD32I3MuR3Mp9ODiPg==",
      "dependencies": {
        "tree-sitter-bash": "^0.25.1",
        "web-tree-sitter": "^0.26.9",
        "zod": "^4.4.3"
      },
      "engines": {
        "node": ">=22"
      },
      "peerDependencies": {
        "@earendil-works/pi-coding-agent": ">=0.79.0",
        "@earendil-works/pi-tui": ">=0.79.0"
      }
    },
    "node_modules/@kiranpg/pi-sentry": {
      "version": "0.1.2",
      "resolved": "https://registry.npmjs.org/@kiranpg/pi-sentry/-/pi-sentry-0.1.2.tgz",
      "integrity": "sha512-oMVq84zcsni0j2XKbeauUxyImiZGAXvge/y6xQrtEsb2IMx9ZSiGS+uPiUlq2TDvevLCpd+NLDeo+xnEvdAMig==",
      "peerDependencies": {
        "@earendil-works/pi-coding-agent": ">=0.78.0 <0.79.0"
      },
      "peerDependenciesMeta": {
        "@earendil-works/pi-coding-agent": {
          "optional": true
        }
      }
    },
    "node_modules/@sinclair/typebox": {
      "version": "0.34.52",
      "resolved": "https://registry.npmjs.org/@sinclair/typebox/-/typebox-0.34.52.tgz",
      "integrity": "sha512-XiMQh7qqVlxZzcVD+kkGMNGMzcTrDMLWI7S4x7z1MkCkbDPrekpZXEUK0eZqZFMuHQg2a2DZOcDIh9o5v3Gonw=="
    },
    "node_modules/@tintinweb/pi-subagents": {
      "version": "0.19.0",
      "resolved": "https://registry.npmjs.org/@tintinweb/pi-subagents/-/pi-subagents-0.19.0.tgz",
      "integrity": "sha512-DZsU33Urfb9dhEsJmsmpx0dayIHMYUbxng6AA7B6+bIgspNcTckcSnQRsbrv+QCS7jVKYJTzHIT/j1SU2B/nVQ==",
      "dependencies": {
        "@sinclair/typebox": "^0.34.49",
        "croner": "^10.0.1",
        "nanoid": "^5.1.16",
        "typebox": "^1.3.7"
      },
      "peerDependencies": {
        "@earendil-works/pi-ai": ">=0.84.0",
        "@earendil-works/pi-coding-agent": ">=0.84.0",
        "@earendil-works/pi-tui": ">=0.84.0"
      }
    },
    "node_modules/@yuuang/ffi-rs-android-arm64": {
      "version": "1.3.7",
      "resolved": "https://registry.npmjs.org/@yuuang/ffi-rs-android-arm64/-/ffi-rs-android-arm64-1.3.7.tgz",
      "integrity": "sha512-t6Wx3Xll6c07Nuk0k3xnZsxKFxlshm92i0U/BiTHc6kQbvu+fMJF+gKsj4yEj886jH51CM3EqZT9Xdhq9CdUVw==",
      "cpu": [
        "arm64"
      ],
      "optional": true,
      "os": [
        "android"
      ],
      "engines": {
        "node": ">= 12"
      }
    },
    "node_modules/@yuuang/ffi-rs-darwin-arm64": {
      "version": "1.3.7",
      "resolved": "https://registry.npmjs.org/@yuuang/ffi-rs-darwin-arm64/-/ffi-rs-darwin-arm64-1.3.7.tgz",
      "integrity": "sha512-OueBlUFBT9IwD9pQnoYs0UszRBEySskfrEPXXfvKfGjL/DXnfn6kUheQ3oIP6sSmshVGNQUwrTCPo6feAa4QjA==",
      "cpu": [
        "arm64"
      ],
      "optional": true,
      "os": [
        "darwin"
      ],
      "engines": {
        "node": ">= 12"
      }
    },
    "node_modules/@yuuang/ffi-rs-darwin-x64": {
      "version": "1.3.7",
      "resolved": "https://registry.npmjs.org/@yuuang/ffi-rs-darwin-x64/-/ffi-rs-darwin-x64-1.3.7.tgz",
      "integrity": "sha512-x4mxXOKwSgwYx6OBAKrW+Ocp8um2KoPpUwaD0Z2tmR6EekoRvFGN7s/eEK1avqCxcsLN7/MzGOnCCFyGpOVfPA==",
      "cpu": [
        "x64"
      ],
      "optional": true,
      "os": [
        "darwin"
      ],
      "engines": {
        "node": ">= 12"
      }
    },
    "node_modules/@yuuang/ffi-rs-linux-arm-gnueabihf": {
      "version": "1.3.7",
      "resolved": "https://registry.npmjs.org/@yuuang/ffi-rs-linux-arm-gnueabihf/-/ffi-rs-linux-arm-gnueabihf-1.3.7.tgz",
      "integrity": "sha512-9r//Z022QYVoIAY458Dpk8HWkisk/y4NJC3d52RlkdsLD+9p0zn0cKKSoMF/xUsOWDFSmOf+cwU/Xadi/wxFMQ==",
      "cpu": [
        "arm"
      ],
      "optional": true,
      "os": [
        "linux"
      ],
      "engines": {
        "node": ">= 12"
      }
    },
    "node_modules/@yuuang/ffi-rs-linux-arm64-gnu": {
      "version": "1.3.7",
      "resolved": "https://registry.npmjs.org/@yuuang/ffi-rs-linux-arm64-gnu/-/ffi-rs-linux-arm64-gnu-1.3.7.tgz",
      "integrity": "sha512-nrW4MlFlyQInfxTsI5wtcIpbV4KlHLWo2BCk4CHIETlUT+PUspNFqDg+Byy7My3hpCZlXp0WsMVP/3N0LlybNw==",
      "cpu": [
        "arm64"
      ],
      "optional": true,
      "os": [
        "linux"
      ],
      "engines": {
        "node": ">= 12"
      }
    },
    "node_modules/@yuuang/ffi-rs-linux-arm64-musl": {
      "version": "1.3.7",
      "resolved": "https://registry.npmjs.org/@yuuang/ffi-rs-linux-arm64-musl/-/ffi-rs-linux-arm64-musl-1.3.7.tgz",
      "integrity": "sha512-eLLx4P8DzNnuPif19nAvKPaf88lSf6KFbDetH3nAIRZvI495h0jigN835Ayr7uAADssohGfO9MPMH33DXmFErA==",
      "cpu": [
        "arm64"
      ],
      "optional": true,
      "os": [
        "linux"
      ],
      "engines": {
        "node": ">= 12"
      }
    },
    "node_modules/@yuuang/ffi-rs-linux-x64-gnu": {
      "version": "1.3.7",
      "resolved": "https://registry.npmjs.org/@yuuang/ffi-rs-linux-x64-gnu/-/ffi-rs-linux-x64-gnu-1.3.7.tgz",
      "integrity": "sha512-upEz1Q98T51x2In872fsjgHCJbE3e8r9JxhJD+5NvSMk6BpieYWRodTbsMxV6oKWmfl12loKwF2j4OBSWKl0lA==",
      "cpu": [
        "x64"
      ],
      "optional": true,
      "os": [
        "linux"
      ],
      "engines": {
        "node": ">= 12"
      }
    },
    "node_modules/@yuuang/ffi-rs-linux-x64-musl": {
      "version": "1.3.7",
      "resolved": "https://registry.npmjs.org/@yuuang/ffi-rs-linux-x64-musl/-/ffi-rs-linux-x64-musl-1.3.7.tgz",
      "integrity": "sha512-YOcOkIwVvIhpwuGJ428h15vpE0KnT3teFG0g2J31FrBxrVh9IH4HeTGXjelI3l9SI5gyiZDnD4PQnQ1U6oqTcA==",
      "cpu": [
        "x64"
      ],
      "optional": true,
      "os": [
        "linux"
      ],
      "engines": {
        "node": ">= 12"
      }
    },
    "node_modules/@yuuang/ffi-rs-win32-arm64-msvc": {
      "version": "1.3.7",
      "resolved": "https://registry.npmjs.org/@yuuang/ffi-rs-win32-arm64-msvc/-/ffi-rs-win32-arm64-msvc-1.3.7.tgz",
      "integrity": "sha512-ZfYzLV1w7Mhzh9XRScEMpw9oazIEiwO+0+TYHHRL882d5oD0Q99YikmRhdifsoHCCQefKmWF/4BXCeFkzg8NFA==",
      "cpu": [
        "arm64"
      ],
      "optional": true,
      "os": [
        "win32"
      ],
      "engines": {
        "node": ">= 12"
      }
    },
    "node_modules/@yuuang/ffi-rs-win32-ia32-msvc": {
      "version": "1.3.7",
      "resolved": "https://registry.npmjs.org/@yuuang/ffi-rs-win32-ia32-msvc/-/ffi-rs-win32-ia32-msvc-1.3.7.tgz",
      "integrity": "sha512-ifYz+f+giKpT39lKWDru+om6QnA9J7J953ns60xHgB46ESZvPd/Y2W5+PesRNC9U+vnFEiLZ9CNC+R3fBWC1pg==",
      "cpu": [
        "x64",
        "ia32"
      ],
      "optional": true,
      "os": [
        "win32"
      ],
      "engines": {
        "node": ">= 12"
      }
    },
    "node_modules/@yuuang/ffi-rs-win32-x64-msvc": {
      "version": "1.3.7",
      "resolved": "https://registry.npmjs.org/@yuuang/ffi-rs-win32-x64-msvc/-/ffi-rs-win32-x64-msvc-1.3.7.tgz",
      "integrity": "sha512-H3s4wOLtZtKtmuPjUNE+bhnSKxxpXcuxG70jRC8dUMHqIm5iCvdoZ4XYDeq7/uUYlySerXFmRL4dAVCX/TUNTg==",
      "cpu": [
        "x64"
      ],
      "optional": true,
      "os": [
        "win32"
      ],
      "engines": {
        "node": ">= 12"
      }
    },
    "node_modules/croner": {
      "version": "10.0.1",
      "resolved": "https://registry.npmjs.org/croner/-/croner-10.0.1.tgz",
      "integrity": "sha512-ixNtAJndqh173VQ4KodSdJEI6nuioBWI0V1ITNKhZZsO0pEMoDxz539T4FTTbSZ/xIOSuDnzxLVRqBVSvPNE2g==",
      "funding": [
        {
          "type": "other",
          "url": "https://paypal.me/hexagonpp"
        },
        {
          "type": "github",
          "url": "https://github.com/sponsors/hexagon"
        }
      ],
      "engines": {
        "node": ">=18.0"
      }
    },
    "node_modules/donsetch": {
      "version": "4.3.6",
      "resolved": "https://registry.npmjs.org/donsetch/-/donsetch-4.3.6.tgz",
      "integrity": "sha512-q0a7lWBrGac9qnVrtYT6oaYGzfVP402UIEEjDPQuKCRUnj7lc3Z0PhMnnFQf0NJ8UL8k0ZBrGfNvnZSUOY5qtg==",
      "hasInstallScript": true,
      "bin": {
        "donsetch": "bin/donsetch.js"
      },
      "engines": {
        "node": ">=18"
      },
      "funding": {
        "type": "individual",
        "url": "https://ko-fi.com/G5Y624N5RE"
      }
    },
    "node_modules/ffi-rs": {
      "version": "1.3.7",
      "resolved": "https://registry.npmjs.org/ffi-rs/-/ffi-rs-1.3.7.tgz",
      "integrity": "sha512-5MMZQS2t/6f/ec3sx0f51gBcKGZPGfolPAW04lvLOSYnr7gmOKs8YzH1Rh+34WGO+VtcgcTuxaUUoJLcR4Tirg==",
      "optionalDependencies": {
        "@yuuang/ffi-rs-android-arm64": "1.3.7",
        "@yuuang/ffi-rs-darwin-arm64": "1.3.7",
        "@yuuang/ffi-rs-darwin-x64": "1.3.7",
        "@yuuang/ffi-rs-linux-arm-gnueabihf": "1.3.7",
        "@yuuang/ffi-rs-linux-arm64-gnu": "1.3.7",
        "@yuuang/ffi-rs-linux-arm64-musl": "1.3.7",
        "@yuuang/ffi-rs-linux-x64-gnu": "1.3.7",
        "@yuuang/ffi-rs-linux-x64-musl": "1.3.7",
        "@yuuang/ffi-rs-win32-arm64-msvc": "1.3.7",
        "@yuuang/ffi-rs-win32-ia32-msvc": "1.3.7",
        "@yuuang/ffi-rs-win32-x64-msvc": "1.3.7"
      }
    },
    "node_modules/nanoid": {
      "version": "5.1.16",
      "resolved": "https://registry.npmjs.org/nanoid/-/nanoid-5.1.16.tgz",
      "integrity": "sha512-kVrnsrJqMR8+oLJnGEmSWw9BivK5mt7H3FZatVRjrc5wGqFYuBxX1yG7+A7Gi5AefkX6t/oCkizcQgpu0cY1dQ==",
      "funding": [
        {
          "type": "github",
          "url": "https://github.com/sponsors/ai"
        }
      ],
      "bin": {
        "nanoid": "bin/nanoid.js"
      },
      "engines": {
        "node": "^18 || >=20"
      }
    },
    "node_modules/node-addon-api": {
      "version": "8.9.2",
      "resolved": "https://registry.npmjs.org/node-addon-api/-/node-addon-api-8.9.2.tgz",
      "integrity": "sha512-VijLXbi3UACN69I0JVXJsX4tjACjNoQDgv2gTF6sx2wWEi8tkSg2eX8p5gSIFi8z2+DL3oHmY6OyKce38SDolg==",
      "engines": {
        "node": "^18 || ^20 || >= 21"
      }
    },
    "node_modules/node-gyp-build": {
      "version": "4.8.4",
      "resolved": "https://registry.npmjs.org/node-gyp-build/-/node-gyp-build-4.8.4.tgz",
      "integrity": "sha512-LA4ZjwlnUblHVgq0oBF3Jl/6h/Nvs5fzBLwdEF4nuxnFdsfajde4WfxtJr3CaiH+F6ewcIB/q4jQ4UzPyid+CQ==",
      "bin": {
        "node-gyp-build": "bin.js",
        "node-gyp-build-optional": "optional.js",
        "node-gyp-build-test": "build-test.js"
      }
    },
    "node_modules/pi-open-tui": {
      "version": "0.3.9",
      "resolved": "https://registry.npmjs.org/pi-open-tui/-/pi-open-tui-0.3.9.tgz",
      "integrity": "sha512-fxShRXrFBVsjgcRt2EOLi/MC/v/tcsrl3l2ya5EOfuSn2Ce5GfYRpzvUTcftfAUZ9ReUcwC3GFCVPiEKe6qBHw==",
      "peerDependencies": {
        "@earendil-works/pi-ai": ">=0.85",
        "@earendil-works/pi-coding-agent": ">=0.85",
        "@earendil-works/pi-tui": ">=0.85"
      },
      "peerDependenciesMeta": {
        "@earendil-works/pi-ai": {
          "optional": true
        },
        "@earendil-works/pi-coding-agent": {
          "optional": true
        },
        "@earendil-works/pi-tui": {
          "optional": true
        }
      }
    },
    "node_modules/pi-usage-meters": {
      "version": "0.5.0",
      "resolved": "https://registry.npmjs.org/pi-usage-meters/-/pi-usage-meters-0.5.0.tgz",
      "integrity": "sha512-4zAjXRIoeTLueEnCTdoasykiit9VoKvL5y8oQpsL4d+g4518b1xtuLmPmc80Z9EUYHX2OBCNDg2snWdYFZN5uw==",
      "engines": {
        "node": ">=20"
      },
      "peerDependencies": {
        "@earendil-works/pi-tui": "*"
      }
    },
    "node_modules/tree-sitter-bash": {
      "version": "0.25.1",
      "resolved": "https://registry.npmjs.org/tree-sitter-bash/-/tree-sitter-bash-0.25.1.tgz",
      "integrity": "sha512-7hMytuYIMoXOq24yRulgIxthE9YmggZIOHCyPTTuJcu6EU54tYD+4G39cUb28kxC6jMf/AbPfWGLQtgPTdh3xw==",
      "hasInstallScript": true,
      "dependencies": {
        "node-addon-api": "^8.2.1",
        "node-gyp-build": "^4.8.2"
      },
      "peerDependencies": {
        "tree-sitter": "^0.25.0"
      },
      "peerDependenciesMeta": {
        "tree-sitter": {
          "optional": true
        }
      }
    },
    "node_modules/typebox": {
      "version": "1.3.34",
      "resolved": "https://registry.npmjs.org/typebox/-/typebox-1.3.34.tgz",
      "integrity": "sha512-wbnzrXXDW8xEFHDZZs2jo1MkhaYlKAY4FRhpBc1+2LF1fZVBGCXGdLEhA/Z/NBbgzJMFfeM8m7elKPa/+KxaUQ=="
    },
    "node_modules/web-tree-sitter": {
      "version": "0.26.13",
      "resolved": "https://registry.npmjs.org/web-tree-sitter/-/web-tree-sitter-0.26.13.tgz",
      "integrity": "sha512-5bUZ7vbQ1kcondet96wzP974+JfCZDeQ7bTpacICm2nnvHpa5cO0ByRsoMcAhUP+743vpkb4m0BFlVSm+Ye9VA=="
    },
    "node_modules/zod": {
      "version": "4.6.5",
      "resolved": "https://registry.npmjs.org/zod/-/zod-4.6.5.tgz",
      "integrity": "sha512-v5l/aFXZQeai4awLbOpSoHecE9UiMrnfx75tEXLjNonXVARxQ5mOeipTjROUchszUNCqnE+hqAMujRsRHsut2Q==",
      "funding": {
        "url": "https://github.com/sponsors/colinhacks"
      }
    }
  }
}
