{
  "name": "pi-extensions",
  "lockfileVersion": 3,
  "requires": true,
  "packages": {
    "": {
      "name": "pi-extensions",
      "dependencies": {
        "@gotgenes/pi-permission-system": "35.0.0",
        "@kiranpg/pi-sentry": "0.1.2",
        "@tintinweb/pi-subagents": "0.19.0",
        "donsetch": "4.3.6",
        "pi-open-tui": "0.3.9",
        "pi-usage-meters": "0.5.0"
      }
    },
    "node_modules/@gotgenes/pi-permission-system": {
      "version": "35.0.0",
      "resolved": "https://registry.npmjs.org/@gotgenes/pi-permission-system/-/pi-permission-system-35.0.0.tgz",
      "integrity": "sha512-m5hdqpBOXnPFB71Dk4ZBjaka3O04kyhLjvspnzxpGneqjnSLG0po+z0Foe5hQu3H0jiLxD32I3MuR3Mp9ODiPg==",
      "dependencies": {
        "tree-sitter-bash": "^0.25.1",
        "web-tree-sitter": "^0.26.9",
        "zod": "^4.4.3"
      },
      "engines": {
        "node": ">=22"
      },
      "peerDependencies": {
        "@earendil-works/pi-coding-agent": ">=0.79.0",
        "@earendil-works/pi-tui": ">=0.79.0"
      }
    },
    "node_modules/@kiranpg/pi-sentry": {
      "version": "0.1.2",
      "resolved": "https://registry.npmjs.org/@kiranpg/pi-sentry/-/pi-sentry-0.1.2.tgz",
      "integrity": "sha512-oMVq84zcsni0j2XKbeauUxyImiZGAXvge/y6xQrtEsb2IMx9ZSiGS+uPiUlq2TDvevLCpd+NLDeo+xnEvdAMig==",
      "peerDependencies": {
        "@earendil-works/pi-coding-agent": ">=0.78.0 <0.79.0"
      },
      "peerDependenciesMeta": {
        "@earendil-works/pi-coding-agent": {
          "optional": true
        }
      }
    },
    "node_modules/@sinclair/typebox": {
      "version": "0.34.52",
      "resolved": "https://registry.npmjs.org/@sinclair/typebox/-/typebox-0.34.52.tgz",
      "integrity": "sha512-XiMQh7qqVlxZzcVD+kkGMNGMzcTrDMLWI7S4x7z1MkCkbDPrekpZXEUK0eZqZFMuHQg2a2DZOcDIh9o5v3Gonw=="
    },
    "node_modules/@tintinweb/pi-subagents": {
      "version": "0.19.0",
      "resolved": "https://registry.npmjs.org/@tintinweb/pi-subagents/-/pi-subagents-0.19.0.tgz",
      "integrity": "sha512-DZsU33Urfb9dhEsJmsmpx0dayIHMYUbxng6AA7B6+bIgspNcTckcSnQRsbrv+QCS7jVKYJTzHIT/j1SU2B/nVQ==",
      "dependencies": {
        "@sinclair/typebox": "^0.34.49",
        "croner": "^10.0.1",
        "nanoid": "^5.1.16",
        "typebox": "^1.3.7"
      },
      "peerDependencies": {
        "@earendil-works/pi-ai": ">=0.84.0",
        "@earendil-works/pi-coding-agent": ">=0.84.0",
        "@earendil-works/pi-tui": ">=0.84.0"
      }
    },
    "node_modules/croner": {
      "version": "10.0.1",
      "resolved": "https://registry.npmjs.org/croner/-/croner-10.0.1.tgz",
      "integrity": "sha512-ixNtAJndqh173VQ4KodSdJEI6nuioBWI0V1ITNKhZZsO0pEMoDxz539T4FTTbSZ/xIOSuDnzxLVRqBVSvPNE2g==",
      "funding": [
        {
          "type": "other",
          "url": "https://paypal.me/hexagonpp"
        },
        {
          "type": "github",
          "url": "https://github.com/sponsors/hexagon"
        }
      ],
      "engines": {
        "node": ">=18.0"
      }
    },
    "node_modules/donsetch": {
      "version": "4.3.6",
      "resolved": "https://registry.npmjs.org/donsetch/-/donsetch-4.3.6.tgz",
      "integrity": "sha512-q0a7lWBrGac9qnVrtYT6oaYGzfVP402UIEEjDPQuKCRUnj7lc3Z0PhMnnFQf0NJ8UL8k0ZBrGfNvnZSUOY5qtg==",
      "hasInstallScript": true,
      "bin": {
        "donsetch": "bin/donsetch.js"
      },
      "engines": {
        "node": ">=18"
      },
      "funding": {
        "type": "individual",
        "url": "https://ko-fi.com/G5Y624N5RE"
      }
    },
    "node_modules/nanoid": {
      "version": "5.1.16",
      "resolved": "https://registry.npmjs.org/nanoid/-/nanoid-5.1.16.tgz",
      "integrity": "sha512-kVrnsrJqMR8+oLJnGEmSWw9BivK5mt7H3FZatVRjrc5wGqFYuBxX1yG7+A7Gi5AefkX6t/oCkizcQgpu0cY1dQ==",
      "funding": [
        {
          "type": "github",
          "url": "https://github.com/sponsors/ai"
        }
      ],
      "bin": {
        "nanoid": "bin/nanoid.js"
      },
      "engines": {
        "node": "^18 || >=20"
      }
    },
    "node_modules/node-addon-api": {
      "version": "8.9.2",
      "resolved": "https://registry.npmjs.org/node-addon-api/-/node-addon-api-8.9.2.tgz",
      "integrity": "sha512-VijLXbi3UACN69I0JVXJsX4tjACjNoQDgv2gTF6sx2wWEi8tkSg2eX8p5gSIFi8z2+DL3oHmY6OyKce38SDolg==",
      "engines": {
        "node": "^18 || ^20 || >= 21"
      }
    },
    "node_modules/node-gyp-build": {
      "version": "4.8.4",
      "resolved": "https://registry.npmjs.org/node-gyp-build/-/node-gyp-build-4.8.4.tgz",
      "integrity": "sha512-LA4ZjwlnUblHVgq0oBF3Jl/6h/Nvs5fzBLwdEF4nuxnFdsfajde4WfxtJr3CaiH+F6ewcIB/q4jQ4UzPyid+CQ==",
      "bin": {
        "node-gyp-build": "bin.js",
        "node-gyp-build-optional": "optional.js",
        "node-gyp-build-test": "build-test.js"
      }
    },
    "node_modules/pi-open-tui": {
      "version": "0.3.9",
      "resolved": "https://registry.npmjs.org/pi-open-tui/-/pi-open-tui-0.3.9.tgz",
      "integrity": "sha512-fxShRXrFBVsjgcRt2EOLi/MC/v/tcsrl3l2ya5EOfuSn2Ce5GfYRpzvUTcftfAUZ9ReUcwC3GFCVPiEKe6qBHw==",
      "peerDependencies": {
        "@earendil-works/pi-ai": ">=0.85",
        "@earendil-works/pi-coding-agent": ">=0.85",
        "@earendil-works/pi-tui": ">=0.85"
      },
      "peerDependenciesMeta": {
        "@earendil-works/pi-ai": {
          "optional": true
        },
        "@earendil-works/pi-coding-agent": {
          "optional": true
        },
        "@earendil-works/pi-tui": {
          "optional": true
        }
      }
    },
    "node_modules/pi-usage-meters": {
      "version": "0.5.0",
      "resolved": "https://registry.npmjs.org/pi-usage-meters/-/pi-usage-meters-0.5.0.tgz",
      "integrity": "sha512-4zAjXRIoeTLueEnCTdoasykiit9VoKvL5y8oQpsL4d+g4518b1xtuLmPmc80Z9EUYHX2OBCNDg2snWdYFZN5uw==",
      "engines": {
        "node": ">=20"
      },
      "peerDependencies": {
        "@earendil-works/pi-tui": "*"
      }
    },
    "node_modules/tree-sitter-bash": {
      "version": "0.25.1",
      "resolved": "https://registry.npmjs.org/tree-sitter-bash/-/tree-sitter-bash-0.25.1.tgz",
      "integrity": "sha512-7hMytuYIMoXOq24yRulgIxthE9YmggZIOHCyPTTuJcu6EU54tYD+4G39cUb28kxC6jMf/AbPfWGLQtgPTdh3xw==",
      "hasInstallScript": true,
      "dependencies": {
        "node-addon-api": "^8.2.1",
        "node-gyp-build": "^4.8.2"
      },
      "peerDependencies": {
        "tree-sitter": "^0.25.0"
      },
      "peerDependenciesMeta": {
        "tree-sitter": {
          "optional": true
        }
      }
    },
    "node_modules/typebox": {
      "version": "1.3.34",
      "resolved": "https://registry.npmjs.org/typebox/-/typebox-1.3.34.tgz",
      "integrity": "sha512-wbnzrXXDW8xEFHDZZs2jo1MkhaYlKAY4FRhpBc1+2LF1fZVBGCXGdLEhA/Z/NBbgzJMFfeM8m7elKPa/+KxaUQ=="
    },
    "node_modules/web-tree-sitter": {
      "version": "0.26.13",
      "resolved": "https://registry.npmjs.org/web-tree-sitter/-/web-tree-sitter-0.26.13.tgz",
      "integrity": "sha512-5bUZ7vbQ1kcondet96wzP974+JfCZDeQ7bTpacICm2nnvHpa5cO0ByRsoMcAhUP+743vpkb4m0BFlVSm+Ye9VA=="
    },
    "node_modules/zod": {
      "version": "4.6.5",
      "resolved": "https://registry.npmjs.org/zod/-/zod-4.6.5.tgz",
      "integrity": "sha512-v5l/aFXZQeai4awLbOpSoHecE9UiMrnfx75tEXLjNonXVARxQ5mOeipTjROUchszUNCqnE+hqAMujRsRHsut2Q==",
      "funding": {
        "url": "https://github.com/sponsors/colinhacks"
      }
    }
  }
}
